
Microsoft Visual Studio Solution File, Format Version 12.00
# Visual Studio Version 17
VisualStudioVersion = 17.10.34928.147
MinimumVisualStudioVersion = 10.0.40219.1
Project("{9A19103F-16F7-4668-BE54-9A1E7A4F7556}") = "AppConstructionAPI", "AppConstructionAPI\AppConstructionAPI.csproj", "{3A68E273-C45E-408C-9EB7-EAEECE8065EC}"
EndProject
Project("{9A19103F-16F7-4668-BE54-9A1E7A4F7556}") = "Construction.Application", "Construction.Application\Construction.Application.csproj", "{128421B7-AB87-4F91-A403-F7BC7C601F56}"
EndProject
Project("{9A19103F-16F7-4668-BE54-9A1E7A4F7556}") = "Construction.Domain", "Construction.Domain\Construction.Domain.csproj", "{6FB4D44F-6B92-45BD-AFB4-DD95A12B09B7}"
EndProject
Project("{9A19103F-16F7-4668-BE54-9A1E7A4F7556}") = "Construction.Infrastructure", "Construction.Infrastructure\Construction.Infrastructure.csproj", "{154700F3-EF19-429E-AAC9-6F9CF77D6926}"
EndProject
Project("{FAE04EC0-301F-11D3-BF4B-00C04F79EFBC}") = "Construction.Test", "Construction.Test\Construction.Test.csproj", "{1D86652B-422E-4E3B-8D81-6C3CE8B54E6B}"
EndProject
Project("{2150E333-8FDC-42A3-9474-1A3956D46DE8}") = "Solution Items", "Solution Items", "{201C5E64-7531-4460-B0D5-7570BC2B726C}"
	ProjectSection(SolutionItems) = preProject
		ConstructionProjectDB-202408300009.sql = ConstructionProjectDB-202408300009.sql
	EndProjectSection
EndProject
Global
	GlobalSection(SolutionConfigurationPlatforms) = preSolution
		Debug|Any CPU = Debug|Any CPU
		Release|Any CPU = Release|Any CPU
	EndGlobalSection
	GlobalSection(ProjectConfigurationPlatforms) = postSolution
		{3A68E273-C45E-408C-9EB7-EAEECE8065EC}.Debug|Any CPU.ActiveCfg = Debug|Any CPU
		{3A68E273-C45E-408C-9EB7-EAEECE8065EC}.Debug|Any CPU.Build.0 = Debug|Any CPU
		{3A68E273-C45E-408C-9EB7-EAEECE8065EC}.Release|Any CPU.ActiveCfg = Release|Any CPU
		{3A68E273-C45E-408C-9EB7-EAEECE8065EC}.Release|Any CPU.Build.0 = Release|Any CPU
		{128421B7-AB87-4F91-A403-F7BC7C601F56}.Debug|Any CPU.ActiveCfg = Debug|Any CPU
		{128421B7-AB87-4F91-A403-F7BC7C601F56}.Debug|Any CPU.Build.0 = Debug|Any CPU
		{128421B7-AB87-4F91-A403-F7BC7C601F56}.Release|Any CPU.ActiveCfg = Release|Any CPU
		{128421B7-AB87-4F91-A403-F7BC7C601F56}.Release|Any CPU.Build.0 = Release|Any CPU
		{6FB4D44F-6B92-45BD-AFB4-DD95A12B09B7}.Debug|Any CPU.ActiveCfg = Debug|Any CPU
		{6FB4D44F-6B92-45BD-AFB4-DD95A12B09B7}.Debug|Any CPU.Build.0 = Debug|Any CPU
		{6FB4D44F-6B92-45BD-AFB4-DD95A12B09B7}.Release|Any CPU.ActiveCfg = Release|Any CPU
		{6FB4D44F-6B92-45BD-AFB4-DD95A12B09B7}.Release|Any CPU.Build.0 = Release|Any CPU
		{154700F3-EF19-429E-AAC9-6F9CF77D6926}.Debug|Any CPU.ActiveCfg = Debug|Any CPU
		{154700F3-EF19-429E-AAC9-6F9CF77D6926}.Debug|Any CPU.Build.0 = Debug|Any CPU
		{154700F3-EF19-429E-AAC9-6F9CF77D6926}.Release|Any CPU.ActiveCfg = Release|Any CPU
		{154700F3-EF19-429E-AAC9-6F9CF77D6926}.Release|Any CPU.Build.0 = Release|Any CPU
		{1D86652B-422E-4E3B-8D81-6C3CE8B54E6B}.Debug|Any CPU.ActiveCfg = Debug|Any CPU
		{1D86652B-422E-4E3B-8D81-6C3CE8B54E6B}.Debug|Any CPU.Build.0 = Debug|Any CPU
		{1D86652B-422E-4E3B-8D81-6C3CE8B54E6B}.Release|Any CPU.ActiveCfg = Release|Any CPU
		{1D86652B-422E-4E3B-8D81-6C3CE8B54E6B}.Release|Any CPU.Build.0 = Release|Any CPU
	EndGlobalSection
	GlobalSection(SolutionProperties) = preSolution
		HideSolutionNode = FALSE
	EndGlobalSection
	GlobalSection(ExtensibilityGlobals) = postSolution
		SolutionGuid = {6D3FEC1C-AB91-4BA3-A760-81D53DBF5B23}
	EndGlobalSection
EndGlobal
